
Microsoft Visual Studio Solution File, Format Version 12.00
# Visual Studio Version 16
VisualStudioVersion = 16.0.29409.12
MinimumVisualStudioVersion = 10.0.40219.1
Project("{FAE04EC0-301F-11D3-BF4B-00C04F79EFBC}") = "SimpleDepedency", "SimpleDepedency\SimpleDepedency.csproj", "{64653940-9D7E-4E19-A323-75682C451085}"
EndProject
Project("{FAE04EC0-301F-11D3-BF4B-00C04F79EFBC}") = "MessagePrinter", "MessagePrinter\MessagePrinter.csproj", "{DE11CA17-9954-4ACA-BCC7-BA86E498C5E5}"
EndProject
Project("{2150E333-8FDC-42A3-9474-1A3956D46DE8}") = "Managing Depedencies", "Managing Depedencies", "{55C29CA9-A313-42E6-A093-6E4A3877CCC3}"
EndProject
Project("{2150E333-8FDC-42A3-9474-1A3956D46DE8}") = "Dependenices", "Dependenices", "{B7654F70-F311-4782-B8EA-802A4C43AC39}"
EndProject
Global
	GlobalSection(SolutionConfigurationPlatforms) = preSolution
		Debug|Any CPU = Debug|Any CPU
		Release|Any CPU = Release|Any CPU
	EndGlobalSection
	GlobalSection(ProjectConfigurationPlatforms) = postSolution
		{64653940-9D7E-4E19-A323-75682C451085}.Debug|Any CPU.ActiveCfg = Debug|Any CPU
		{64653940-9D7E-4E19-A323-75682C451085}.Debug|Any CPU.Build.0 = Debug|Any CPU
		{64653940-9D7E-4E19-A323-75682C451085}.Release|Any CPU.ActiveCfg = Release|Any CPU
		{64653940-9D7E-4E19-A323-75682C451085}.Release|Any CPU.Build.0 = Release|Any CPU
		{DE11CA17-9954-4ACA-BCC7-BA86E498C5E5}.Debug|Any CPU.ActiveCfg = Debug|Any CPU
		{DE11CA17-9954-4ACA-BCC7-BA86E498C5E5}.Debug|Any CPU.Build.0 = Debug|Any CPU
		{DE11CA17-9954-4ACA-BCC7-BA86E498C5E5}.Release|Any CPU.ActiveCfg = Release|Any CPU
		{DE11CA17-9954-4ACA-BCC7-BA86E498C5E5}.Release|Any CPU.Build.0 = Release|Any CPU
	EndGlobalSection
	GlobalSection(SolutionProperties) = preSolution
		HideSolutionNode = FALSE
	EndGlobalSection
	GlobalSection(NestedProjects) = preSolution
		{64653940-9D7E-4E19-A323-75682C451085} = {55C29CA9-A313-42E6-A093-6E4A3877CCC3}
		{DE11CA17-9954-4ACA-BCC7-BA86E498C5E5} = {55C29CA9-A313-42E6-A093-6E4A3877CCC3}
	EndGlobalSection
	GlobalSection(ExtensibilityGlobals) = postSolution
		SolutionGuid = {8BC75C66-2A3D-41CC-82FA-7FA74FE72C6F}
	EndGlobalSection
EndGlobal
